// !$*UTF8*$!
{
	archiveVersion = 1;
	classes = {
	};
	objectVersion = 50;
	objects = {

/* Begin PBXBuildFile section */
		FE0069A42566FBA700E67094 /* BullsAndCowsApp.swift in Sources */ = {isa = PBXBuildFile; fileRef = FE0069A32566FBA700E67094 /* BullsAndCowsApp.swift */; };
		FE0069A62566FBA700E67094 /* GameFieldView.swift in Sources */ = {isa = PBXBuildFile; fileRef = FE0069A52566FBA700E67094 /* GameFieldView.swift */; };
		FE0069A82566FBA900E67094 /* Assets.xcassets in Resources */ = {isa = PBXBuildFile; fileRef = FE0069A72566FBA900E67094 /* Assets.xcassets */; };
		FE0069AB2566FBA900E67094 /* Preview Assets.xcassets in Resources */ = {isa = PBXBuildFile; fileRef = FE0069AA2566FBA900E67094 /* Preview Assets.xcassets */; };
		FE0069B42566FBBB00E67094 /* GameController.swift in Sources */ = {isa = PBXBuildFile; fileRef = FE0069B32566FBBB00E67094 /* GameController.swift */; };
		FE0069BD2566FBD200E67094 /* BullsAndCowsTests.swift in Sources */ = {isa = PBXBuildFile; fileRef = FE0069BC2566FBD200E67094 /* BullsAndCowsTests.swift */; };
		FE52B53C2583A2E900E1D43A /* rules.txt in Resources */ = {isa = PBXBuildFile; fileRef = FE52B53B2583A2E900E1D43A /* rules.txt */; };
		FEA6D72C2575407D00E05470 /* Logger.swift in Sources */ = {isa = PBXBuildFile; fileRef = FEA6D72B2575407D00E05470 /* Logger.swift */; };
/* End PBXBuildFile section */

/* Begin PBXContainerItemProxy section */
		FE0069BF2566FBD200E67094 /* PBXContainerItemProxy */ = {
			isa = PBXContainerItemProxy;
			containerPortal = FE0069982566FBA700E67094 /* Project object */;
			proxyType = 1;
			remoteGlobalIDString = FE00699F2566FBA700E67094;
			remoteInfo = BullsAndCows;
		};
/* End PBXContainerItemProxy section */

/* Begin PBXFileReference section */
		FE0069A02566FBA700E67094 /* BullsAndCows.app */ = {isa = PBXFileReference; explicitFileType = wrapper.application; includeInIndex = 0; path = BullsAndCows.app; sourceTree = BUILT_PRODUCTS_DIR; };
		FE0069A32566FBA700E67094 /* BullsAndCowsApp.swift */ = {isa = PBXFileReference; lastKnownFileType = sourcecode.swift; path = BullsAndCowsApp.swift; sourceTree = "<group>"; };
		FE0069A52566FBA700E67094 /* GameFieldView.swift */ = {isa = PBXFileReference; lastKnownFileType = sourcecode.swift; path = GameFieldView.swift; sourceTree = "<group>"; };
		FE0069A72566FBA900E67094 /* Assets.xcassets */ = {isa = PBXFileReference; lastKnownFileType = folder.assetcatalog; path = Assets.xcassets; sourceTree = "<group>"; };
		FE0069AA2566FBA900E67094 /* Preview Assets.xcassets */ = {isa = PBXFileReference; lastKnownFileType = folder.assetcatalog; path = "Preview Assets.xcassets"; sourceTree = "<group>"; };
		FE0069AC2566FBA900E67094 /* Info.plist */ = {isa = PBXFileReference; lastKnownFileType = text.plist.xml; path = Info.plist; sourceTree = "<group>"; };
		FE0069B32566FBBB00E67094 /* GameController.swift */ = {isa = PBXFileReference; lastKnownFileType = sourcecode.swift; path = GameController.swift; sourceTree = "<group>"; };
		FE0069BA2566FBD200E67094 /* BullsAndCowsTests.xctest */ = {isa = PBXFileReference; explicitFileType = wrapper.cfbundle; includeInIndex = 0; path = BullsAndCowsTests.xctest; sourceTree = BUILT_PRODUCTS_DIR; };
		FE0069BC2566FBD200E67094 /* BullsAndCowsTests.swift */ = {isa = PBXFileReference; lastKnownFileType = sourcecode.swift; path = BullsAndCowsTests.swift; sourceTree = "<group>"; };
		FE0069BE2566FBD200E67094 /* Info.plist */ = {isa = PBXFileReference; lastKnownFileType = text.plist.xml; path = Info.plist; sourceTree = "<group>"; };
		FE52B53B2583A2E900E1D43A /* rules.txt */ = {isa = PBXFileReference; fileEncoding = 4; lastKnownFileType = text; path = rules.txt; sourceTree = "<group>"; };
		FEA6D72B2575407D00E05470 /* Logger.swift */ = {isa = PBXFileReference; lastKnownFileType = sourcecode.swift; path = Logger.swift; sourceTree = "<group>"; };
/* End PBXFileReference section */

/* Begin PBXFrameworksBuildPhase section */
		FE00699D2566FBA700E67094 /* Frameworks */ = {
			isa = PBXFrameworksBuildPhase;
			buildActionMask = 2147483647;
			files = (
			);
			runOnlyForDeploymentPostprocessing = 0;
		};
		FE0069B72566FBD200E67094 /* Frameworks */ = {
			isa = PBXFrameworksBuildPhase;
			buildActionMask = 2147483647;
			files = (
			);
			runOnlyForDeploymentPostprocessing = 0;
		};
/* End PBXFrameworksBuildPhase section */

/* Begin PBXGroup section */
		FE0069972566FBA700E67094 = {
			isa = PBXGroup;
			children = (
				FE0069A22566FBA700E67094 /* BullsAndCows */,
				FE0069BB2566FBD200E67094 /* BullsAndCowsTests */,
				FE0069A12566FBA700E67094 /* Products */,
			);
			sourceTree = "<group>";
		};
		FE0069A12566FBA700E67094 /* Products */ = {
			isa = PBXGroup;
			children = (
				FE0069A02566FBA700E67094 /* BullsAndCows.app */,
				FE0069BA2566FBD200E67094 /* BullsAndCowsTests.xctest */,
			);
			name = Products;
			sourceTree = "<group>";
		};
		FE0069A22566FBA700E67094 /* BullsAndCows */ = {
			isa = PBXGroup;
			children = (
				FE0069A32566FBA700E67094 /* BullsAndCowsApp.swift */,
				FE0069A52566FBA700E67094 /* GameFieldView.swift */,
				FE0069B32566FBBB00E67094 /* GameController.swift */,
				FEA6D72B2575407D00E05470 /* Logger.swift */,
				FE0069A72566FBA900E67094 /* Assets.xcassets */,
				FE0069AC2566FBA900E67094 /* Info.plist */,
				FE52B53B2583A2E900E1D43A /* rules.txt */,
				FE0069A92566FBA900E67094 /* Preview Content */,
			);
			path = BullsAndCows;
			sourceTree = "<group>";
		};
		FE0069A92566FBA900E67094 /* Preview Content */ = {
			isa = PBXGroup;
			children = (
				FE0069AA2566FBA900E67094 /* Preview Assets.xcassets */,
			);
			path = "Preview Content";
			sourceTree = "<group>";
		};
		FE0069BB2566FBD200E67094 /* BullsAndCowsTests */ = {
			isa = PBXGroup;
			children = (
				FE0069BC2566FBD200E67094 /* BullsAndCowsTests.swift */,
				FE0069BE2566FBD200E67094 /* Info.plist */,
			);
			path = BullsAndCowsTests;
			sourceTree = "<group>";
		};
/* End PBXGroup section */

/* Begin PBXNativeTarget section */
		FE00699F2566FBA700E67094 /* BullsAndCows */ = {
			isa = PBXNativeTarget;
			buildConfigurationList = FE0069AF2566FBA900E67094 /* Build configuration list for PBXNativeTarget "BullsAndCows" */;
			buildPhases = (
				FE00699C2566FBA700E67094 /* Sources */,
				FE00699D2566FBA700E67094 /* Frameworks */,
				FE00699E2566FBA700E67094 /* Resources */,
			);
			buildRules = (
			);
			dependencies = (
			);
			name = BullsAndCows;
			productName = BullsAndCows;
			productReference = FE0069A02566FBA700E67094 /* BullsAndCows.app */;
			productType = "com.apple.product-type.application";
		};
		FE0069B92566FBD200E67094 /* BullsAndCowsTests */ = {
			isa = PBXNativeTarget;
			buildConfigurationList = FE0069C12566FBD200E67094 /* Build configuration list for PBXNativeTarget "BullsAndCowsTests" */;
			buildPhases = (
				FE0069B62566FBD200E67094 /* Sources */,
				FE0069B72566FBD200E67094 /* Frameworks */,
				FE0069B82566FBD200E67094 /* Resources */,
			);
			buildRules = (
			);
			dependencies = (
				FE0069C02566FBD200E67094 /* PBXTargetDependency */,
			);
			name = BullsAndCowsTests;
			productName = BullsAndCowsTests;
			productReference = FE0069BA2566FBD200E67094 /* BullsAndCowsTests.xctest */;
			productType = "com.apple.product-type.bundle.unit-test";
		};
/* End PBXNativeTarget section */

/* Begin PBXProject section */
		FE0069982566FBA700E67094 /* Project object */ = {
			isa = PBXProject;
			attributes = {
				LastSwiftUpdateCheck = 1220;
				LastUpgradeCheck = 1220;
				TargetAttributes = {
					FE00699F2566FBA700E67094 = {
						CreatedOnToolsVersion = 12.2;
					};
					FE0069B92566FBD200E67094 = {
						CreatedOnToolsVersion = 12.2;
						TestTargetID = FE00699F2566FBA700E67094;
					};
				};
			};
			buildConfigurationList = FE00699B2566FBA700E67094 /* Build configuration list for PBXProject "BullsAndCows" */;
			compatibilityVersion = "Xcode 9.3";
			developmentRegion = en;
			hasScannedForEncodings = 0;
			knownRegions = (
				en,
				Base,
			);
			mainGroup = FE0069972566FBA700E67094;
			productRefGroup = FE0069A12566FBA700E67094 /* Products */;
			projectDirPath = "";
			projectRoot = "";
			targets = (
				FE00699F2566FBA700E67094 /* BullsAndCows */,
				FE0069B92566FBD200E67094 /* BullsAndCowsTests */,
			);
		};
/* End PBXProject section */

/* Begin PBXResourcesBuildPhase section */
		FE00699E2566FBA700E67094 /* Resources */ = {
			isa = PBXResourcesBuildPhase;
			buildActionMask = 2147483647;
			files = (
				FE52B53C2583A2E900E1D43A /* rules.txt in Resources */,
				FE0069AB2566FBA900E67094 /* Preview Assets.xcassets in Resources */,
				FE0069A82566FBA900E67094 /* Assets.xcassets in Resources */,
			);
			runOnlyForDeploymentPostprocessing = 0;
		};
		FE0069B82566FBD200E67094 /* Resources */ = {
			isa = PBXResourcesBuildPhase;
			buildActionMask = 2147483647;
			files = (
			);
			runOnlyForDeploymentPostprocessing = 0;
		};
/* End PBXResourcesBuildPhase section */

/* Begin PBXSourcesBuildPhase section */
		FE00699C2566FBA700E67094 /* Sources */ = {
			isa = PBXSourcesBuildPhase;
			buildActionMask = 2147483647;
			files = (
				FE0069A62566FBA700E67094 /* GameFieldView.swift in Sources */,
				FE0069B42566FBBB00E67094 /* GameController.swift in Sources */,
				FE0069A42566FBA700E67094 /* BullsAndCowsApp.swift in Sources */,
				FEA6D72C2575407D00E05470 /* Logger.swift in Sources */,
			);
			runOnlyForDeploymentPostprocessing = 0;
		};
		FE0069B62566FBD200E67094 /* Sources */ = {
			isa = PBXSourcesBuildPhase;
			buildActionMask = 2147483647;
			files = (
				FE0069BD2566FBD200E67094 /* BullsAndCowsTests.swift in Sources */,
			);
			runOnlyForDeploymentPostprocessing = 0;
		};
/* End PBXSourcesBuildPhase section */

/* Begin PBXTargetDependency section */
		FE0069C02566FBD200E67094 /* PBXTargetDependency */ = {
			isa = PBXTargetDependency;
			target = FE00699F2566FBA700E67094 /* BullsAndCows */;
			targetProxy = FE0069BF2566FBD200E67094 /* PBXContainerItemProxy */;
		};
/* End PBXTargetDependency section */

/* Begin XCBuildConfiguration section */
		FE0069AD2566FBA900E67094 /* Debug */ = {
			isa = XCBuildConfiguration;
			buildSettings = {
				ALWAYS_SEARCH_USER_PATHS = NO;
				CLANG_ANALYZER_NONNULL = YES;
				CLANG_ANALYZER_NUMBER_OBJECT_CONVERSION = YES_AGGRESSIVE;
				CLANG_CXX_LANGUAGE_STANDARD = "gnu++14";
				CLANG_CXX_LIBRARY = "libc++";
				CLANG_ENABLE_MODULES = YES;
				CLANG_ENABLE_OBJC_ARC = YES;
				CLANG_ENABLE_OBJC_WEAK = YES;
				CLANG_WARN_BLOCK_CAPTURE_AUTORELEASING = YES;
				CLANG_WARN_BOOL_CONVERSION = YES;
				CLANG_WARN_COMMA = YES;
				CLANG_WARN_CONSTANT_CONVERSION = YES;
				CLANG_WARN_DEPRECATED_OBJC_IMPLEMENTATIONS = YES;
				CLANG_WARN_DIRECT_OBJC_ISA_USAGE = YES_ERROR;
				CLANG_WARN_DOCUMENTATION_COMMENTS = YES;
				CLANG_WARN_EMPTY_BODY = YES;
				CLANG_WARN_ENUM_CONVERSION = YES;
				CLANG_WARN_INFINITE_RECURSION = YES;
				CLANG_WARN_INT_CONVERSION = YES;
				CLANG_WARN_NON_LITERAL_NULL_CONVERSION = YES;
				CLANG_WARN_OBJC_IMPLICIT_RETAIN_SELF = YES;
				CLANG_WARN_OBJC_LITERAL_CONVERSION = YES;
				CLANG_WARN_OBJC_ROOT_CLASS = YES_ERROR;
				CLANG_WARN_QUOTED_INCLUDE_IN_FRAMEWORK_HEADER = YES;
				CLANG_WARN_RANGE_LOOP_ANALYSIS = YES;
				CLANG_WARN_STRICT_PROTOTYPES = YES;
				CLANG_WARN_SUSPICIOUS_MOVE = YES;
				CLANG_WARN_UNGUARDED_AVAILABILITY = YES_AGGRESSIVE;
				CLANG_WARN_UNREACHABLE_CODE = YES;
				CLANG_WARN__DUPLICATE_METHOD_MATCH = YES;
				COPY_PHASE_STRIP = NO;
				DEBUG_INFORMATION_FORMAT = dwarf;
				ENABLE_STRICT_OBJC_MSGSEND = YES;
				ENABLE_TESTABILITY = YES;
				GCC_C_LANGUAGE_STANDARD = gnu11;
				GCC_DYNAMIC_NO_PIC = NO;
				GCC_NO_COMMON_BLOCKS = YES;
				GCC_OPTIMIZATION_LEVEL = 0;
				GCC_PREPROCESSOR_DEFINITIONS = (
					"DEBUG=1",
					"$(inherited)",
				);
				GCC_WARN_64_TO_32_BIT_CONVERSION = YES;
				GCC_WARN_ABOUT_RETURN_TYPE = YES_ERROR;
				GCC_WARN_UNDECLARED_SELECTOR = YES;
				GCC_WARN_UNINITIALIZED_AUTOS = YES_AGGRESSIVE;
				GCC_WARN_UNUSED_FUNCTION = YES;
				GCC_WARN_UNUSED_VARIABLE = YES;
				IPHONEOS_DEPLOYMENT_TARGET = 14.2;
				MTL_ENABLE_DEBUG_INFO = INCLUDE_SOURCE;
				MTL_FAST_MATH = YES;
				ONLY_ACTIVE_ARCH = YES;
				SDKROOT = iphoneos;
				SWIFT_ACTIVE_COMPILATION_CONDITIONS = DEBUG;
				SWIFT_OPTIMIZATION_LEVEL = "-Onone";
			};
			name = Debug;
		};
		FE0069AE2566FBA900E67094 /* Release */ = {
			isa = XCBuildConfiguration;
			buildSettings = {
				ALWAYS_SEARCH_USER_PATHS = NO;
				CLANG_ANALYZER_NONNULL = YES;
				CLANG_ANALYZER_NUMBER_OBJECT_CONVERSION = YES_AGGRESSIVE;
				CLANG_CXX_LANGUAGE_STANDARD = "gnu++14";
				CLANG_CXX_LIBRARY = "libc++";
				CLANG_ENABLE_MODULES = YES;
				CLANG_ENABLE_OBJC_ARC = YES;
				CLANG_ENABLE_OBJC_WEAK = YES;
				CLANG_WARN_BLOCK_CAPTURE_AUTORELEASING = YES;
				CLANG_WARN_BOOL_CONVERSION = YES;
				CLANG_WARN_COMMA = YES;
				CLANG_WARN_CONSTANT_CONVERSION = YES;
				CLANG_WARN_DEPRECATED_OBJC_IMPLEMENTATIONS = YES;
				CLANG_WARN_DIRECT_OBJC_ISA_USAGE = YES_ERROR;
				CLANG_WARN_DOCUMENTATION_COMMENTS = YES;
				CLANG_WARN_EMPTY_BODY = YES;
				CLANG_WARN_ENUM_CONVERSION = YES;
				CLANG_WARN_INFINITE_RECURSION = YES;
				CLANG_WARN_INT_CONVERSION = YES;
				CLANG_WARN_NON_LITERAL_NULL_CONVERSION = YES;
				CLANG_WARN_OBJC_IMPLICIT_RETAIN_SELF = YES;
				CLANG_WARN_OBJC_LITERAL_CONVERSION = YES;
				CLANG_WARN_OBJC_ROOT_CLASS = YES_ERROR;
				CLANG_WARN_QUOTED_INCLUDE_IN_FRAMEWORK_HEADER = YES;
				CLANG_WARN_RANGE_LOOP_ANALYSIS = YES;
				CLANG_WARN_STRICT_PROTOTYPES = YES;
				CLANG_WARN_SUSPICIOUS_MOVE = YES;
				CLANG_WARN_UNGUARDED_AVAILABILITY = YES_AGGRESSIVE;
				CLANG_WARN_UNREACHABLE_CODE = YES;
				CLANG_WARN__DUPLICATE_METHOD_MATCH = YES;
				COPY_PHASE_STRIP = NO;
				DEBUG_INFORMATION_FORMAT = "dwarf-with-dsym";
				ENABLE_NS_ASSERTIONS = NO;
				ENABLE_STRICT_OBJC_MSGSEND = YES;
				GCC_C_LANGUAGE_STANDARD = gnu11;
				GCC_NO_COMMON_BLOCKS = YES;
				GCC_WARN_64_TO_32_BIT_CONVERSION = YES;
				GCC_WARN_ABOUT_RETURN_TYPE = YES_ERROR;
				GCC_WARN_UNDECLARED_SELECTOR = YES;
				GCC_WARN_UNINITIALIZED_AUTOS = YES_AGGRESSIVE;
				GCC_WARN_UNUSED_FUNCTION = YES;
				GCC_WARN_UNUSED_VARIABLE = YES;
				IPHONEOS_DEPLOYMENT_TARGET = 14.2;
				MTL_ENABLE_DEBUG_INFO = NO;
				MTL_FAST_MATH = YES;
				SDKROOT = iphoneos;
				SWIFT_COMPILATION_MODE = wholemodule;
				SWIFT_OPTIMIZATION_LEVEL = "-O";
				VALIDATE_PRODUCT = YES;
			};
			name = Release;
		};
		FE0069B02566FBA900E67094 /* Debug */ = {
			isa = XCBuildConfiguration;
			buildSettings = {
				ASSETCATALOG_COMPILER_APPICON_NAME = AppIcon;
				ASSETCATALOG_COMPILER_GLOBAL_ACCENT_COLOR_NAME = AccentColor;
				CODE_SIGN_STYLE = Automatic;
				DEVELOPMENT_ASSET_PATHS = "\"BullsAndCows/Preview Content\"";
				DEVELOPMENT_TEAM = 469S6A76JJ;
				ENABLE_PREVIEWS = YES;
				INFOPLIST_FILE = BullsAndCows/Info.plist;
				IPHONEOS_DEPLOYMENT_TARGET = 14.0;
				LD_RUNPATH_SEARCH_PATHS = (
					"$(inherited)",
					"@executable_path/Frameworks",
				);
				PRODUCT_BUNDLE_IDENTIFIER = com.beletskiy.BullsAndCows;
				PRODUCT_NAME = "$(TARGET_NAME)";
				SWIFT_VERSION = 5.0;
				TARGETED_DEVICE_FAMILY = "1,2";
			};
			name = Debug;
		};
		FE0069B12566FBA900E67094 /* Release */ = {
			isa = XCBuildConfiguration;
			buildSettings = {
				ASSETCATALOG_COMPILER_APPICON_NAME = AppIcon;
				ASSETCATALOG_COMPILER_GLOBAL_ACCENT_COLOR_NAME = AccentColor;
				CODE_SIGN_STYLE = Automatic;
				DEVELOPMENT_ASSET_PATHS = "\"BullsAndCows/Preview Content\"";
				DEVELOPMENT_TEAM = 469S6A76JJ;
				ENABLE_PREVIEWS = YES;
				INFOPLIST_FILE = BullsAndCows/Info.plist;
				IPHONEOS_DEPLOYMENT_TARGET = 14.0;
				LD_RUNPATH_SEARCH_PATHS = (
					"$(inherited)",
					"@executable_path/Frameworks",
				);
				PRODUCT_BUNDLE_IDENTIFIER = com.beletskiy.BullsAndCows;
				PRODUCT_NAME = "$(TARGET_NAME)";
				SWIFT_VERSION = 5.0;
				TARGETED_DEVICE_FAMILY = "1,2";
			};
			name = Release;
		};
		FE0069C22566FBD200E67094 /* Debug */ = {
			isa = XCBuildConfiguration;
			buildSettings = {
				BUNDLE_LOADER = "$(TEST_HOST)";
				CODE_SIGN_STYLE = Automatic;
				DEVELOPMENT_TEAM = 469S6A76JJ;
				INFOPLIST_FILE = BullsAndCowsTests/Info.plist;
				LD_RUNPATH_SEARCH_PATHS = (
					"$(inherited)",
					"@executable_path/Frameworks",
					"@loader_path/Frameworks",
				);
				PRODUCT_BUNDLE_IDENTIFIER = com.beletskiy.BullsAndCowsTests;
				PRODUCT_NAME = "$(TARGET_NAME)";
				SWIFT_VERSION = 5.0;
				TARGETED_DEVICE_FAMILY = "1,2";
				TEST_HOST = "$(BUILT_PRODUCTS_DIR)/BullsAndCows.app/BullsAndCows";
			};
			name = Debug;
		};
		FE0069C32566FBD200E67094 /* Release */ = {
			isa = XCBuildConfiguration;
			buildSettings = {
				BUNDLE_LOADER = "$(TEST_HOST)";
				CODE_SIGN_STYLE = Automatic;
				DEVELOPMENT_TEAM = 469S6A76JJ;
				INFOPLIST_FILE = BullsAndCowsTests/Info.plist;
				LD_RUNPATH_SEARCH_PATHS = (
					"$(inherited)",
					"@executable_path/Frameworks",
					"@loader_path/Frameworks",
				);
				PRODUCT_BUNDLE_IDENTIFIER = com.beletskiy.BullsAndCowsTests;
				PRODUCT_NAME = "$(TARGET_NAME)";
				SWIFT_VERSION = 5.0;
				TARGETED_DEVICE_FAMILY = "1,2";
				TEST_HOST = "$(BUILT_PRODUCTS_DIR)/BullsAndCows.app/BullsAndCows";
			};
			name = Release;
		};
/* End XCBuildConfiguration section */

/* Begin XCConfigurationList section */
		FE00699B2566FBA700E67094 /* Build configuration list for PBXProject "BullsAndCows" */ = {
			isa = XCConfigurationList;
			buildConfigurations = (
				FE0069AD2566FBA900E67094 /* Debug */,
				FE0069AE2566FBA900E67094 /* Release */,
			);
			defaultConfigurationIsVisible = 0;
			defaultConfigurationName = Release;
		};
		FE0069AF2566FBA900E67094 /* Build configuration list for PBXNativeTarget "BullsAndCows" */ = {
			isa = XCConfigurationList;
			buildConfigurations = (
				FE0069B02566FBA900E67094 /* Debug */,
				FE0069B12566FBA900E67094 /* Release */,
			);
			defaultConfigurationIsVisible = 0;
			defaultConfigurationName = Release;
		};
		FE0069C12566FBD200E67094 /* Build configuration list for PBXNativeTarget "BullsAndCowsTests" */ = {
			isa = XCConfigurationList;
			buildConfigurations = (
				FE0069C22566FBD200E67094 /* Debug */,
				FE0069C32566FBD200E67094 /* Release */,
			);
			defaultConfigurationIsVisible = 0;
			defaultConfigurationName = Release;
		};
/* End XCConfigurationList section */
	};
	rootObject = FE0069982566FBA700E67094 /* Project object */;
}
